
Microsoft Visual Studio Solution File, Format Version 12.00
# Visual Studio 15
VisualStudioVersion = 15.0.27703.2035
MinimumVisualStudioVersion = 10.0.40219.1
Project("{FAE04EC0-301F-11D3-BF4B-00C04F79EFBC}") = "NeighborhoodAnalitics", "NeighborhoodAnalitics\NeighborhoodAnalitics.csproj", "{57C5781B-7157-46F0-8F7E-D7796AC6140D}"
EndProject
Global
	GlobalSection(SolutionConfigurationPlatforms) = preSolution
		Debug|Any CPU = Debug|Any CPU
		Release|Any CPU = Release|Any CPU
	EndGlobalSection
	GlobalSection(ProjectConfigurationPlatforms) = postSolution
		{57C5781B-7157-46F0-8F7E-D7796AC6140D}.Debug|Any CPU.ActiveCfg = Debug|Any CPU
		{57C5781B-7157-46F0-8F7E-D7796AC6140D}.Debug|Any CPU.Build.0 = Debug|Any CPU
		{57C5781B-7157-46F0-8F7E-D7796AC6140D}.Release|Any CPU.ActiveCfg = Release|Any CPU
		{57C5781B-7157-46F0-8F7E-D7796AC6140D}.Release|Any CPU.Build.0 = Release|Any CPU
	EndGlobalSection
	GlobalSection(SolutionProperties) = preSolution
		HideSolutionNode = FALSE
	EndGlobalSection
	GlobalSection(ExtensibilityGlobals) = postSolution
		SolutionGuid = {F23C8827-DF74-452A-A5AE-BD05444C788E}
	EndGlobalSection
EndGlobal
